// !$*UTF8*$!
{
	archiveVersion = 1;
	classes = {
	};
	objectVersion = 46;
	objects = {

/* Begin PBXBuildFile section */
		639AAAD7165B8B7100B71732 /* UIKit.framework in Frameworks */ = {isa = PBXBuildFile; fileRef = 639AAAD6165B8B7100B71732 /* UIKit.framework */; };
		639AAAD9165B8B7100B71732 /* Foundation.framework in Frameworks */ = {isa = PBXBuildFile; fileRef = 639AAAD8165B8B7100B71732 /* Foundation.framework */; };
		639AAADB165B8B7100B71732 /* CoreGraphics.framework in Frameworks */ = {isa = PBXBuildFile; fileRef = 639AAADA165B8B7100B71732 /* CoreGraphics.framework */; };
		639AAAE1165B8B7100B71732 /* InfoPlist.strings in Resources */ = {isa = PBXBuildFile; fileRef = 639AAADF165B8B7100B71732 /* InfoPlist.strings */; };
		639AAAE3165B8B7100B71732 /* main.m in Sources */ = {isa = PBXBuildFile; fileRef = 639AAAE2165B8B7100B71732 /* main.m */; };
		639AAAE9165B8B7100B71732 /* Default.png in Resources */ = {isa = PBXBuildFile; fileRef = 639AAAE8165B8B7100B71732 /* Default.png */; };
		639AAAEB165B8B7100B71732 /* Default@2x.png in Resources */ = {isa = PBXBuildFile; fileRef = 639AAAEA165B8B7100B71732 /* Default@2x.png */; };
		639AAAED165B8B7100B71732 /* Default-568h@2x.png in Resources */ = {isa = PBXBuildFile; fileRef = 639AAAEC165B8B7100B71732 /* Default-568h@2x.png */; };
		639AAAF3165B8B7100B71732 /* ViewController.xib in Resources */ = {isa = PBXBuildFile; fileRef = 639AAAF1165B8B7100B71732 /* ViewController.xib */; };
		639AAAFD165B8BB400B71732 /* AppDelegate.m in Sources */ = {isa = PBXBuildFile; fileRef = 639AAAFA165B8BB400B71732 /* AppDelegate.m */; };
		639AAAFE165B8BB400B71732 /* ViewController.m in Sources */ = {isa = PBXBuildFile; fileRef = 639AAAFC165B8BB400B71732 /* ViewController.m */; };
		639AAB0A165B8CEF00B71732 /* defaultPlayList.plist in Resources */ = {isa = PBXBuildFile; fileRef = 639AAB07165B8CEF00B71732 /* defaultPlayList.plist */; };
		639AAB0B165B8CEF00B71732 /* fingeringList.plist in Resources */ = {isa = PBXBuildFile; fileRef = 639AAB08165B8CEF00B71732 /* fingeringList.plist */; };
		639AAB15165B8D1300B71732 /* f0085330_0204323.jpg in Resources */ = {isa = PBXBuildFile; fileRef = 639AAB0F165B8D1300B71732 /* f0085330_0204323.jpg */; };
		639AAB16165B8D1300B71732 /* guideline.png in Resources */ = {isa = PBXBuildFile; fileRef = 639AAB10165B8D1300B71732 /* guideline.png */; };
		639AAB17165B8D1300B71732 /* offValve.png in Resources */ = {isa = PBXBuildFile; fileRef = 639AAB11165B8D1300B71732 /* offValve.png */; };
		639AAB18165B8D1300B71732 /* onValve.png in Resources */ = {isa = PBXBuildFile; fileRef = 639AAB12165B8D1300B71732 /* onValve.png */; };
		639AAB19165B8D1300B71732 /* play.png in Resources */ = {isa = PBXBuildFile; fileRef = 639AAB13165B8D1300B71732 /* play.png */; };
		639AAB5F165B8D4D00B71732 /* AVFoundation.framework in Frameworks */ = {isa = PBXBuildFile; fileRef = 639AAB5E165B8D4D00B71732 /* AVFoundation.framework */; };
		63C56D71165E3D820046A3DE /* pose.png in Resources */ = {isa = PBXBuildFile; fileRef = 63C56D6F165E3D820046A3DE /* pose.png */; };
		63C56D72165E3D820046A3DE /* stop.png in Resources */ = {isa = PBXBuildFile; fileRef = 63C56D70165E3D820046A3DE /* stop.png */; };
		63C56D95165FCD830046A3DE /* 00.aiff in Resources */ = {isa = PBXBuildFile; fileRef = 63C56D74165FCD830046A3DE /* 00.aiff */; };
		63C56D96165FCD830046A3DE /* 01.aiff in Resources */ = {isa = PBXBuildFile; fileRef = 63C56D75165FCD830046A3DE /* 01.aiff */; };
		63C56D97165FCD830046A3DE /* 02.aiff in Resources */ = {isa = PBXBuildFile; fileRef = 63C56D76165FCD830046A3DE /* 02.aiff */; };
		63C56D98165FCD830046A3DE /* 03.aiff in Resources */ = {isa = PBXBuildFile; fileRef = 63C56D77165FCD830046A3DE /* 03.aiff */; };
		63C56D99165FCD830046A3DE /* 04.aiff in Resources */ = {isa = PBXBuildFile; fileRef = 63C56D78165FCD830046A3DE /* 04.aiff */; };
		63C56D9A165FCD830046A3DE /* 05.aiff in Resources */ = {isa = PBXBuildFile; fileRef = 63C56D79165FCD830046A3DE /* 05.aiff */; };
		63C56D9B165FCD830046A3DE /* 06.aiff in Resources */ = {isa = PBXBuildFile; fileRef = 63C56D7A165FCD830046A3DE /* 06.aiff */; };
		63C56D9C165FCD830046A3DE /* 07.aiff in Resources */ = {isa = PBXBuildFile; fileRef = 63C56D7B165FCD830046A3DE /* 07.aiff */; };
		63C56D9D165FCD830046A3DE /* 08.aiff in Resources */ = {isa = PBXBuildFile; fileRef = 63C56D7C165FCD830046A3DE /* 08.aiff */; };
		63C56D9E165FCD830046A3DE /* 09.aiff in Resources */ = {isa = PBXBuildFile; fileRef = 63C56D7D165FCD830046A3DE /* 09.aiff */; };
		63C56D9F165FCD830046A3DE /* 10.aiff in Resources */ = {isa = PBXBuildFile; fileRef = 63C56D7E165FCD830046A3DE /* 10.aiff */; };
		63C56DA0165FCD830046A3DE /* 11.aiff in Resources */ = {isa = PBXBuildFile; fileRef = 63C56D7F165FCD830046A3DE /* 11.aiff */; };
		63C56DA1165FCD830046A3DE /* 12.aiff in Resources */ = {isa = PBXBuildFile; fileRef = 63C56D80165FCD830046A3DE /* 12.aiff */; };
		63C56DA2165FCD830046A3DE /* 13.aiff in Resources */ = {isa = PBXBuildFile; fileRef = 63C56D81165FCD830046A3DE /* 13.aiff */; };
		63C56DA3165FCD830046A3DE /* 14.aiff in Resources */ = {isa = PBXBuildFile; fileRef = 63C56D82165FCD830046A3DE /* 14.aiff */; };
		63C56DA4165FCD830046A3DE /* 15.aiff in Resources */ = {isa = PBXBuildFile; fileRef = 63C56D83165FCD830046A3DE /* 15.aiff */; };
		63C56DA5165FCD830046A3DE /* 16.aiff in Resources */ = {isa = PBXBuildFile; fileRef = 63C56D84165FCD830046A3DE /* 16.aiff */; };
		63C56DA6165FCD830046A3DE /* 17.aiff in Resources */ = {isa = PBXBuildFile; fileRef = 63C56D85165FCD830046A3DE /* 17.aiff */; };
		63C56DA7165FCD830046A3DE /* 18.aiff in Resources */ = {isa = PBXBuildFile; fileRef = 63C56D86165FCD830046A3DE /* 18.aiff */; };
		63C56DA8165FCD830046A3DE /* 19.aiff in Resources */ = {isa = PBXBuildFile; fileRef = 63C56D87165FCD830046A3DE /* 19.aiff */; };
		63C56DA9165FCD830046A3DE /* 20.aiff in Resources */ = {isa = PBXBuildFile; fileRef = 63C56D88165FCD830046A3DE /* 20.aiff */; };
		63C56DAA165FCD830046A3DE /* 21.aiff in Resources */ = {isa = PBXBuildFile; fileRef = 63C56D89165FCD830046A3DE /* 21.aiff */; };
		63C56DAB165FCD830046A3DE /* 22.aiff in Resources */ = {isa = PBXBuildFile; fileRef = 63C56D8A165FCD830046A3DE /* 22.aiff */; };
		63C56DAC165FCD830046A3DE /* 23.aiff in Resources */ = {isa = PBXBuildFile; fileRef = 63C56D8B165FCD830046A3DE /* 23.aiff */; };
		63C56DAD165FCD830046A3DE /* 24.aiff in Resources */ = {isa = PBXBuildFile; fileRef = 63C56D8C165FCD830046A3DE /* 24.aiff */; };
		63C56DAE165FCD830046A3DE /* 25.aiff in Resources */ = {isa = PBXBuildFile; fileRef = 63C56D8D165FCD830046A3DE /* 25.aiff */; };
		63C56DAF165FCD830046A3DE /* 26.aiff in Resources */ = {isa = PBXBuildFile; fileRef = 63C56D8E165FCD830046A3DE /* 26.aiff */; };
		63C56DB0165FCD830046A3DE /* 27.aiff in Resources */ = {isa = PBXBuildFile; fileRef = 63C56D8F165FCD830046A3DE /* 27.aiff */; };
		63C56DB1165FCD830046A3DE /* 28.aiff in Resources */ = {isa = PBXBuildFile; fileRef = 63C56D90165FCD830046A3DE /* 28.aiff */; };
		63C56DB2165FCD830046A3DE /* 29.aiff in Resources */ = {isa = PBXBuildFile; fileRef = 63C56D91165FCD830046A3DE /* 29.aiff */; };
		63C56DB3165FCD830046A3DE /* 30.aiff in Resources */ = {isa = PBXBuildFile; fileRef = 63C56D92165FCD830046A3DE /* 30.aiff */; };
		63C56DB4165FCD830046A3DE /* 31.aiff in Resources */ = {isa = PBXBuildFile; fileRef = 63C56D93165FCD830046A3DE /* 31.aiff */; };
		63C56DB5165FCD830046A3DE /* 32.aiff in Resources */ = {isa = PBXBuildFile; fileRef = 63C56D94165FCD830046A3DE /* 32.aiff */; };
/* End PBXBuildFile section */

/* Begin PBXFileReference section */
		639AAAD2165B8B7100B71732 /* BrassSimulator.app */ = {isa = PBXFileReference; explicitFileType = wrapper.application; includeInIndex = 0; path = BrassSimulator.app; sourceTree = BUILT_PRODUCTS_DIR; };
		639AAAD6165B8B7100B71732 /* UIKit.framework */ = {isa = PBXFileReference; lastKnownFileType = wrapper.framework; name = UIKit.framework; path = System/Library/Frameworks/UIKit.framework; sourceTree = SDKROOT; };
		639AAAD8165B8B7100B71732 /* Foundation.framework */ = {isa = PBXFileReference; lastKnownFileType = wrapper.framework; name = Foundation.framework; path = System/Library/Frameworks/Foundation.framework; sourceTree = SDKROOT; };
		639AAADA165B8B7100B71732 /* CoreGraphics.framework */ = {isa = PBXFileReference; lastKnownFileType = wrapper.framework; name = CoreGraphics.framework; path = System/Library/Frameworks/CoreGraphics.framework; sourceTree = SDKROOT; };
		639AAADE165B8B7100B71732 /* BrassSimulator-Info.plist */ = {isa = PBXFileReference; lastKnownFileType = text.plist.xml; path = "BrassSimulator-Info.plist"; sourceTree = "<group>"; };
		639AAAE0165B8B7100B71732 /* en */ = {isa = PBXFileReference; lastKnownFileType = text.plist.strings; name = en; path = en.lproj/InfoPlist.strings; sourceTree = "<group>"; };
		639AAAE2165B8B7100B71732 /* main.m */ = {isa = PBXFileReference; lastKnownFileType = sourcecode.c.objc; path = main.m; sourceTree = "<group>"; };
		639AAAE4165B8B7100B71732 /* BrassSimulator-Prefix.pch */ = {isa = PBXFileReference; lastKnownFileType = sourcecode.c.h; path = "BrassSimulator-Prefix.pch"; sourceTree = "<group>"; };
		639AAAE8165B8B7100B71732 /* Default.png */ = {isa = PBXFileReference; lastKnownFileType = image.png; path = Default.png; sourceTree = "<group>"; };
		639AAAEA165B8B7100B71732 /* Default@2x.png */ = {isa = PBXFileReference; lastKnownFileType = image.png; path = "Default@2x.png"; sourceTree = "<group>"; };
		639AAAEC165B8B7100B71732 /* Default-568h@2x.png */ = {isa = PBXFileReference; lastKnownFileType = image.png; path = "Default-568h@2x.png"; sourceTree = "<group>"; };
		639AAAF2165B8B7100B71732 /* en */ = {isa = PBXFileReference; lastKnownFileType = file.xib; name = en; path = en.lproj/ViewController.xib; sourceTree = "<group>"; };
		639AAAF9165B8BB400B71732 /* AppDelegate.h */ = {isa = PBXFileReference; fileEncoding = 4; lastKnownFileType = sourcecode.c.h; path = AppDelegate.h; sourceTree = "<group>"; };
		639AAAFA165B8BB400B71732 /* AppDelegate.m */ = {isa = PBXFileReference; fileEncoding = 4; lastKnownFileType = sourcecode.c.objc; path = AppDelegate.m; sourceTree = "<group>"; };
		639AAAFB165B8BB400B71732 /* ViewController.h */ = {isa = PBXFileReference; fileEncoding = 4; lastKnownFileType = sourcecode.c.h; path = ViewController.h; sourceTree = "<group>"; };
		639AAAFC165B8BB400B71732 /* ViewController.m */ = {isa = PBXFileReference; fileEncoding = 4; lastKnownFileType = sourcecode.c.objc; path = ViewController.m; sourceTree = "<group>"; };
		639AAB07165B8CEF00B71732 /* defaultPlayList.plist */ = {isa = PBXFileReference; fileEncoding = 4; lastKnownFileType = text.plist.xml; path = defaultPlayList.plist; sourceTree = "<group>"; };
		639AAB08165B8CEF00B71732 /* fingeringList.plist */ = {isa = PBXFileReference; fileEncoding = 4; lastKnownFileType = text.plist.xml; path = fingeringList.plist; sourceTree = "<group>"; };
		639AAB09165B8CEF00B71732 /* userPlayList.plist */ = {isa = PBXFileReference; fileEncoding = 4; lastKnownFileType = text.plist.xml; path = userPlayList.plist; sourceTree = "<group>"; };
		639AAB0F165B8D1300B71732 /* f0085330_0204323.jpg */ = {isa = PBXFileReference; lastKnownFileType = image.jpeg; path = f0085330_0204323.jpg; sourceTree = "<group>"; };
		639AAB10165B8D1300B71732 /* guideline.png */ = {isa = PBXFileReference; lastKnownFileType = image.png; path = guideline.png; sourceTree = "<group>"; };
		639AAB11165B8D1300B71732 /* offValve.png */ = {isa = PBXFileReference; lastKnownFileType = image.png; path = offValve.png; sourceTree = "<group>"; };
		639AAB12165B8D1300B71732 /* onValve.png */ = {isa = PBXFileReference; lastKnownFileType = image.png; path = onValve.png; sourceTree = "<group>"; };
		639AAB13165B8D1300B71732 /* play.png */ = {isa = PBXFileReference; lastKnownFileType = image.png; path = play.png; sourceTree = "<group>"; };
		639AAB5E165B8D4D00B71732 /* AVFoundation.framework */ = {isa = PBXFileReference; lastKnownFileType = wrapper.framework; name = AVFoundation.framework; path = System/Library/Frameworks/AVFoundation.framework; sourceTree = SDKROOT; };
		63C56D6F165E3D820046A3DE /* pose.png */ = {isa = PBXFileReference; lastKnownFileType = image.png; path = pose.png; sourceTree = "<group>"; };
		63C56D70165E3D820046A3DE /* stop.png */ = {isa = PBXFileReference; lastKnownFileType = image.png; path = stop.png; sourceTree = "<group>"; };
		63C56D74165FCD830046A3DE /* 00.aiff */ = {isa = PBXFileReference; lastKnownFileType = audio.aiff; path = 00.aiff; sourceTree = "<group>"; };
		63C56D75165FCD830046A3DE /* 01.aiff */ = {isa = PBXFileReference; lastKnownFileType = audio.aiff; path = 01.aiff; sourceTree = "<group>"; };
		63C56D76165FCD830046A3DE /* 02.aiff */ = {isa = PBXFileReference; lastKnownFileType = audio.aiff; path = 02.aiff; sourceTree = "<group>"; };
		63C56D77165FCD830046A3DE /* 03.aiff */ = {isa = PBXFileReference; lastKnownFileType = audio.aiff; path = 03.aiff; sourceTree = "<group>"; };
		63C56D78165FCD830046A3DE /* 04.aiff */ = {isa = PBXFileReference; lastKnownFileType = audio.aiff; path = 04.aiff; sourceTree = "<group>"; };
		63C56D79165FCD830046A3DE /* 05.aiff */ = {isa = PBXFileReference; lastKnownFileType = audio.aiff; path = 05.aiff; sourceTree = "<group>"; };
		63C56D7A165FCD830046A3DE /* 06.aiff */ = {isa = PBXFileReference; lastKnownFileType = audio.aiff; path = 06.aiff; sourceTree = "<group>"; };
		63C56D7B165FCD830046A3DE /* 07.aiff */ = {isa = PBXFileReference; lastKnownFileType = audio.aiff; path = 07.aiff; sourceTree = "<group>"; };
		63C56D7C165FCD830046A3DE /* 08.aiff */ = {isa = PBXFileReference; lastKnownFileType = audio.aiff; path = 08.aiff; sourceTree = "<group>"; };
		63C56D7D165FCD830046A3DE /* 09.aiff */ = {isa = PBXFileReference; lastKnownFileType = audio.aiff; path = 09.aiff; sourceTree = "<group>"; };
		63C56D7E165FCD830046A3DE /* 10.aiff */ = {isa = PBXFileReference; lastKnownFileType = audio.aiff; path = 10.aiff; sourceTree = "<group>"; };
		63C56D7F165FCD830046A3DE /* 11.aiff */ = {isa = PBXFileReference; lastKnownFileType = audio.aiff; path = 11.aiff; sourceTree = "<group>"; };
		63C56D80165FCD830046A3DE /* 12.aiff */ = {isa = PBXFileReference; lastKnownFileType = audio.aiff; path = 12.aiff; sourceTree = "<group>"; };
		63C56D81165FCD830046A3DE /* 13.aiff */ = {isa = PBXFileReference; lastKnownFileType = audio.aiff; path = 13.aiff; sourceTree = "<group>"; };
		63C56D82165FCD830046A3DE /* 14.aiff */ = {isa = PBXFileReference; lastKnownFileType = audio.aiff; path = 14.aiff; sourceTree = "<group>"; };
		63C56D83165FCD830046A3DE /* 15.aiff */ = {isa = PBXFileReference; lastKnownFileType = audio.aiff; path = 15.aiff; sourceTree = "<group>"; };
		63C56D84165FCD830046A3DE /* 16.aiff */ = {isa = PBXFileReference; lastKnownFileType = audio.aiff; path = 16.aiff; sourceTree = "<group>"; };
		63C56D85165FCD830046A3DE /* 17.aiff */ = {isa = PBXFileReference; lastKnownFileType = audio.aiff; path = 17.aiff; sourceTree = "<group>"; };
		63C56D86165FCD830046A3DE /* 18.aiff */ = {isa = PBXFileReference; lastKnownFileType = audio.aiff; path = 18.aiff; sourceTree = "<group>"; };
		63C56D87165FCD830046A3DE /* 19.aiff */ = {isa = PBXFileReference; lastKnownFileType = audio.aiff; path = 19.aiff; sourceTree = "<group>"; };
		63C56D88165FCD830046A3DE /* 20.aiff */ = {isa = PBXFileReference; lastKnownFileType = audio.aiff; path = 20.aiff; sourceTree = "<group>"; };
		63C56D89165FCD830046A3DE /* 21.aiff */ = {isa = PBXFileReference; lastKnownFileType = audio.aiff; path = 21.aiff; sourceTree = "<group>"; };
		63C56D8A165FCD830046A3DE /* 22.aiff */ = {isa = PBXFileReference; lastKnownFileType = audio.aiff; path = 22.aiff; sourceTree = "<group>"; };
		63C56D8B165FCD830046A3DE /* 23.aiff */ = {isa = PBXFileReference; lastKnownFileType = audio.aiff; path = 23.aiff; sourceTree = "<group>"; };
		63C56D8C165FCD830046A3DE /* 24.aiff */ = {isa = PBXFileReference; lastKnownFileType = audio.aiff; path = 24.aiff; sourceTree = "<group>"; };
		63C56D8D165FCD830046A3DE /* 25.aiff */ = {isa = PBXFileReference; lastKnownFileType = audio.aiff; path = 25.aiff; sourceTree = "<group>"; };
		63C56D8E165FCD830046A3DE /* 26.aiff */ = {isa = PBXFileReference; lastKnownFileType = audio.aiff; path = 26.aiff; sourceTree = "<group>"; };
		63C56D8F165FCD830046A3DE /* 27.aiff */ = {isa = PBXFileReference; lastKnownFileType = audio.aiff; path = 27.aiff; sourceTree = "<group>"; };
		63C56D90165FCD830046A3DE /* 28.aiff */ = {isa = PBXFileReference; lastKnownFileType = audio.aiff; path = 28.aiff; sourceTree = "<group>"; };
		63C56D91165FCD830046A3DE /* 29.aiff */ = {isa = PBXFileReference; lastKnownFileType = audio.aiff; path = 29.aiff; sourceTree = "<group>"; };
		63C56D92165FCD830046A3DE /* 30.aiff */ = {isa = PBXFileReference; lastKnownFileType = audio.aiff; path = 30.aiff; sourceTree = "<group>"; };
		63C56D93165FCD830046A3DE /* 31.aiff */ = {isa = PBXFileReference; lastKnownFileType = audio.aiff; path = 31.aiff; sourceTree = "<group>"; };
		63C56D94165FCD830046A3DE /* 32.aiff */ = {isa = PBXFileReference; lastKnownFileType = audio.aiff; path = 32.aiff; sourceTree = "<group>"; };
/* End PBXFileReference section */

/* Begin PBXFrameworksBuildPhase section */
		639AAACF165B8B7100B71732 /* Frameworks */ = {
			isa = PBXFrameworksBuildPhase;
			buildActionMask = 2147483647;
			files = (
				639AAB5F165B8D4D00B71732 /* AVFoundation.framework in Frameworks */,
				639AAAD7165B8B7100B71732 /* UIKit.framework in Frameworks */,
				639AAAD9165B8B7100B71732 /* Foundation.framework in Frameworks */,
				639AAADB165B8B7100B71732 /* CoreGraphics.framework in Frameworks */,
			);
			runOnlyForDeploymentPostprocessing = 0;
		};
/* End PBXFrameworksBuildPhase section */

/* Begin PBXGroup section */
		639AAAC7165B8B7100B71732 = {
			isa = PBXGroup;
			children = (
				639AAADC165B8B7100B71732 /* BrassSimulator */,
				639AAAD5165B8B7100B71732 /* Frameworks */,
				639AAAD3165B8B7100B71732 /* Products */,
			);
			sourceTree = "<group>";
		};
		639AAAD3165B8B7100B71732 /* Products */ = {
			isa = PBXGroup;
			children = (
				639AAAD2165B8B7100B71732 /* BrassSimulator.app */,
			);
			name = Products;
			sourceTree = "<group>";
		};
		639AAAD5165B8B7100B71732 /* Frameworks */ = {
			isa = PBXGroup;
			children = (
				639AAB5E165B8D4D00B71732 /* AVFoundation.framework */,
				639AAAD6165B8B7100B71732 /* UIKit.framework */,
				639AAAD8165B8B7100B71732 /* Foundation.framework */,
				639AAADA165B8B7100B71732 /* CoreGraphics.framework */,
			);
			name = Frameworks;
			sourceTree = "<group>";
		};
		639AAADC165B8B7100B71732 /* BrassSimulator */ = {
			isa = PBXGroup;
			children = (
				639AAAF9165B8BB400B71732 /* AppDelegate.h */,
				639AAAFA165B8BB400B71732 /* AppDelegate.m */,
				639AAAFB165B8BB400B71732 /* ViewController.h */,
				639AAAFC165B8BB400B71732 /* ViewController.m */,
				639AAAF1165B8B7100B71732 /* ViewController.xib */,
				639AAADD165B8B7100B71732 /* Supporting Files */,
			);
			path = BrassSimulator;
			sourceTree = "<group>";
		};
		639AAADD165B8B7100B71732 /* Supporting Files */ = {
			isa = PBXGroup;
			children = (
				63C56D73165FCD830046A3DE /* sound */,
				639AAB0E165B8D1300B71732 /* brsm_img */,
				639AAB09165B8CEF00B71732 /* userPlayList.plist */,
				639AAB07165B8CEF00B71732 /* defaultPlayList.plist */,
				639AAB08165B8CEF00B71732 /* fingeringList.plist */,
				639AAADE165B8B7100B71732 /* BrassSimulator-Info.plist */,
				639AAADF165B8B7100B71732 /* InfoPlist.strings */,
				639AAAE2165B8B7100B71732 /* main.m */,
				639AAAE4165B8B7100B71732 /* BrassSimulator-Prefix.pch */,
				639AAAE8165B8B7100B71732 /* Default.png */,
				639AAAEA165B8B7100B71732 /* Default@2x.png */,
				639AAAEC165B8B7100B71732 /* Default-568h@2x.png */,
			);
			name = "Supporting Files";
			sourceTree = "<group>";
		};
		639AAB0E165B8D1300B71732 /* brsm_img */ = {
			isa = PBXGroup;
			children = (
				63C56D6F165E3D820046A3DE /* pose.png */,
				63C56D70165E3D820046A3DE /* stop.png */,
				639AAB0F165B8D1300B71732 /* f0085330_0204323.jpg */,
				639AAB10165B8D1300B71732 /* guideline.png */,
				639AAB11165B8D1300B71732 /* offValve.png */,
				639AAB12165B8D1300B71732 /* onValve.png */,
				639AAB13165B8D1300B71732 /* play.png */,
			);
			path = brsm_img;
			sourceTree = "<group>";
		};
		63C56D73165FCD830046A3DE /* sound */ = {
			isa = PBXGroup;
			children = (
				63C56D74165FCD830046A3DE /* 00.aiff */,
				63C56D75165FCD830046A3DE /* 01.aiff */,
				63C56D76165FCD830046A3DE /* 02.aiff */,
				63C56D77165FCD830046A3DE /* 03.aiff */,
				63C56D78165FCD830046A3DE /* 04.aiff */,
				63C56D79165FCD830046A3DE /* 05.aiff */,
				63C56D7A165FCD830046A3DE /* 06.aiff */,
				63C56D7B165FCD830046A3DE /* 07.aiff */,
				63C56D7C165FCD830046A3DE /* 08.aiff */,
				63C56D7D165FCD830046A3DE /* 09.aiff */,
				63C56D7E165FCD830046A3DE /* 10.aiff */,
				63C56D7F165FCD830046A3DE /* 11.aiff */,
				63C56D80165FCD830046A3DE /* 12.aiff */,
				63C56D81165FCD830046A3DE /* 13.aiff */,
				63C56D82165FCD830046A3DE /* 14.aiff */,
				63C56D83165FCD830046A3DE /* 15.aiff */,
				63C56D84165FCD830046A3DE /* 16.aiff */,
				63C56D85165FCD830046A3DE /* 17.aiff */,
				63C56D86165FCD830046A3DE /* 18.aiff */,
				63C56D87165FCD830046A3DE /* 19.aiff */,
				63C56D88165FCD830046A3DE /* 20.aiff */,
				63C56D89165FCD830046A3DE /* 21.aiff */,
				63C56D8A165FCD830046A3DE /* 22.aiff */,
				63C56D8B165FCD830046A3DE /* 23.aiff */,
				63C56D8C165FCD830046A3DE /* 24.aiff */,
				63C56D8D165FCD830046A3DE /* 25.aiff */,
				63C56D8E165FCD830046A3DE /* 26.aiff */,
				63C56D8F165FCD830046A3DE /* 27.aiff */,
				63C56D90165FCD830046A3DE /* 28.aiff */,
				63C56D91165FCD830046A3DE /* 29.aiff */,
				63C56D92165FCD830046A3DE /* 30.aiff */,
				63C56D93165FCD830046A3DE /* 31.aiff */,
				63C56D94165FCD830046A3DE /* 32.aiff */,
			);
			path = sound;
			sourceTree = "<group>";
		};
/* End PBXGroup section */

/* Begin PBXNativeTarget section */
		639AAAD1165B8B7100B71732 /* BrassSimulator */ = {
			isa = PBXNativeTarget;
			buildConfigurationList = 639AAAF6165B8B7100B71732 /* Build configuration list for PBXNativeTarget "BrassSimulator" */;
			buildPhases = (
				639AAACE165B8B7100B71732 /* Sources */,
				639AAACF165B8B7100B71732 /* Frameworks */,
				639AAAD0165B8B7100B71732 /* Resources */,
			);
			buildRules = (
			);
			dependencies = (
			);
			name = BrassSimulator;
			productName = BrassSimulator;
			productReference = 639AAAD2165B8B7100B71732 /* BrassSimulator.app */;
			productType = "com.apple.product-type.application";
		};
/* End PBXNativeTarget section */

/* Begin PBXProject section */
		639AAAC9165B8B7100B71732 /* Project object */ = {
			isa = PBXProject;
			attributes = {
				LastUpgradeCheck = 0450;
				ORGANIZATIONNAME = KenjiArai;
			};
			buildConfigurationList = 639AAACC165B8B7100B71732 /* Build configuration list for PBXProject "BrassSimulator" */;
			compatibilityVersion = "Xcode 3.2";
			developmentRegion = English;
			hasScannedForEncodings = 0;
			knownRegions = (
				en,
			);
			mainGroup = 639AAAC7165B8B7100B71732;
			productRefGroup = 639AAAD3165B8B7100B71732 /* Products */;
			projectDirPath = "";
			projectRoot = "";
			targets = (
				639AAAD1165B8B7100B71732 /* BrassSimulator */,
			);
		};
/* End PBXProject section */

/* Begin PBXResourcesBuildPhase section */
		639AAAD0165B8B7100B71732 /* Resources */ = {
			isa = PBXResourcesBuildPhase;
			buildActionMask = 2147483647;
			files = (
				639AAAE1165B8B7100B71732 /* InfoPlist.strings in Resources */,
				639AAAE9165B8B7100B71732 /* Default.png in Resources */,
				639AAAEB165B8B7100B71732 /* Default@2x.png in Resources */,
				639AAAED165B8B7100B71732 /* Default-568h@2x.png in Resources */,
				639AAAF3165B8B7100B71732 /* ViewController.xib in Resources */,
				639AAB0A165B8CEF00B71732 /* defaultPlayList.plist in Resources */,
				639AAB0B165B8CEF00B71732 /* fingeringList.plist in Resources */,
				639AAB15165B8D1300B71732 /* f0085330_0204323.jpg in Resources */,
				639AAB16165B8D1300B71732 /* guideline.png in Resources */,
				639AAB17165B8D1300B71732 /* offValve.png in Resources */,
				639AAB18165B8D1300B71732 /* onValve.png in Resources */,
				639AAB19165B8D1300B71732 /* play.png in Resources */,
				63C56D71165E3D820046A3DE /* pose.png in Resources */,
				63C56D72165E3D820046A3DE /* stop.png in Resources */,
				63C56D95165FCD830046A3DE /* 00.aiff in Resources */,
				63C56D96165FCD830046A3DE /* 01.aiff in Resources */,
				63C56D97165FCD830046A3DE /* 02.aiff in Resources */,
				63C56D98165FCD830046A3DE /* 03.aiff in Resources */,
				63C56D99165FCD830046A3DE /* 04.aiff in Resources */,
				63C56D9A165FCD830046A3DE /* 05.aiff in Resources */,
				63C56D9B165FCD830046A3DE /* 06.aiff in Resources */,
				63C56D9C165FCD830046A3DE /* 07.aiff in Resources */,
				63C56D9D165FCD830046A3DE /* 08.aiff in Resources */,
				63C56D9E165FCD830046A3DE /* 09.aiff in Resources */,
				63C56D9F165FCD830046A3DE /* 10.aiff in Resources */,
				63C56DA0165FCD830046A3DE /* 11.aiff in Resources */,
				63C56DA1165FCD830046A3DE /* 12.aiff in Resources */,
				63C56DA2165FCD830046A3DE /* 13.aiff in Resources */,
				63C56DA3165FCD830046A3DE /* 14.aiff in Resources */,
				63C56DA4165FCD830046A3DE /* 15.aiff in Resources */,
				63C56DA5165FCD830046A3DE /* 16.aiff in Resources */,
				63C56DA6165FCD830046A3DE /* 17.aiff in Resources */,
				63C56DA7165FCD830046A3DE /* 18.aiff in Resources */,
				63C56DA8165FCD830046A3DE /* 19.aiff in Resources */,
				63C56DA9165FCD830046A3DE /* 20.aiff in Resources */,
				63C56DAA165FCD830046A3DE /* 21.aiff in Resources */,
				63C56DAB165FCD830046A3DE /* 22.aiff in Resources */,
				63C56DAC165FCD830046A3DE /* 23.aiff in Resources */,
				63C56DAD165FCD830046A3DE /* 24.aiff in Resources */,
				63C56DAE165FCD830046A3DE /* 25.aiff in Resources */,
				63C56DAF165FCD830046A3DE /* 26.aiff in Resources */,
				63C56DB0165FCD830046A3DE /* 27.aiff in Resources */,
				63C56DB1165FCD830046A3DE /* 28.aiff in Resources */,
				63C56DB2165FCD830046A3DE /* 29.aiff in Resources */,
				63C56DB3165FCD830046A3DE /* 30.aiff in Resources */,
				63C56DB4165FCD830046A3DE /* 31.aiff in Resources */,
				63C56DB5165FCD830046A3DE /* 32.aiff in Resources */,
			);
			runOnlyForDeploymentPostprocessing = 0;
		};
/* End PBXResourcesBuildPhase section */

/* Begin PBXSourcesBuildPhase section */
		639AAACE165B8B7100B71732 /* Sources */ = {
			isa = PBXSourcesBuildPhase;
			buildActionMask = 2147483647;
			files = (
				639AAAE3165B8B7100B71732 /* main.m in Sources */,
				639AAAFD165B8BB400B71732 /* AppDelegate.m in Sources */,
				639AAAFE165B8BB400B71732 /* ViewController.m in Sources */,
			);
			runOnlyForDeploymentPostprocessing = 0;
		};
/* End PBXSourcesBuildPhase section */

/* Begin PBXVariantGroup section */
		639AAADF165B8B7100B71732 /* InfoPlist.strings */ = {
			isa = PBXVariantGroup;
			children = (
				639AAAE0165B8B7100B71732 /* en */,
			);
			name = InfoPlist.strings;
			sourceTree = "<group>";
		};
		639AAAF1165B8B7100B71732 /* ViewController.xib */ = {
			isa = PBXVariantGroup;
			children = (
				639AAAF2165B8B7100B71732 /* en */,
			);
			name = ViewController.xib;
			sourceTree = "<group>";
		};
/* End PBXVariantGroup section */

/* Begin XCBuildConfiguration section */
		639AAAF4165B8B7100B71732 /* Debug */ = {
			isa = XCBuildConfiguration;
			buildSettings = {
				ALWAYS_SEARCH_USER_PATHS = NO;
				CLANG_CXX_LANGUAGE_STANDARD = "gnu++0x";
				CLANG_CXX_LIBRARY = "libc++";
				CLANG_WARN_EMPTY_BODY = YES;
				CLANG_WARN__DUPLICATE_METHOD_MATCH = YES;
				"CODE_SIGN_IDENTITY[sdk=iphoneos*]" = "iPhone Developer";
				COPY_PHASE_STRIP = NO;
				GCC_C_LANGUAGE_STANDARD = gnu99;
				GCC_DYNAMIC_NO_PIC = NO;
				GCC_OPTIMIZATION_LEVEL = 0;
				GCC_PREPROCESSOR_DEFINITIONS = (
					"DEBUG=1",
					"$(inherited)",
				);
				GCC_SYMBOLS_PRIVATE_EXTERN = NO;
				GCC_WARN_ABOUT_RETURN_TYPE = YES;
				GCC_WARN_UNINITIALIZED_AUTOS = YES;
				GCC_WARN_UNUSED_VARIABLE = YES;
				IPHONEOS_DEPLOYMENT_TARGET = 6.0;
				ONLY_ACTIVE_ARCH = YES;
				SDKROOT = iphoneos;
			};
			name = Debug;
		};
		639AAAF5165B8B7100B71732 /* Release */ = {
			isa = XCBuildConfiguration;
			buildSettings = {
				ALWAYS_SEARCH_USER_PATHS = NO;
				CLANG_CXX_LANGUAGE_STANDARD = "gnu++0x";
				CLANG_CXX_LIBRARY = "libc++";
				CLANG_WARN_EMPTY_BODY = YES;
				CLANG_WARN__DUPLICATE_METHOD_MATCH = YES;
				"CODE_SIGN_IDENTITY[sdk=iphoneos*]" = "iPhone Developer";
				COPY_PHASE_STRIP = YES;
				GCC_C_LANGUAGE_STANDARD = gnu99;
				GCC_WARN_ABOUT_RETURN_TYPE = YES;
				GCC_WARN_UNINITIALIZED_AUTOS = YES;
				GCC_WARN_UNUSED_VARIABLE = YES;
				IPHONEOS_DEPLOYMENT_TARGET = 6.0;
				OTHER_CFLAGS = "-DNS_BLOCK_ASSERTIONS=1";
				SDKROOT = iphoneos;
				VALIDATE_PRODUCT = YES;
			};
			name = Release;
		};
		639AAAF7165B8B7100B71732 /* Debug */ = {
			isa = XCBuildConfiguration;
			buildSettings = {
				GCC_PRECOMPILE_PREFIX_HEADER = YES;
				GCC_PREFIX_HEADER = "BrassSimulator/BrassSimulator-Prefix.pch";
				INFOPLIST_FILE = "BrassSimulator/BrassSimulator-Info.plist";
				PRODUCT_NAME = "$(TARGET_NAME)";
				WRAPPER_EXTENSION = app;
			};
			name = Debug;
		};
		639AAAF8165B8B7100B71732 /* Release */ = {
			isa = XCBuildConfiguration;
			buildSettings = {
				GCC_PRECOMPILE_PREFIX_HEADER = YES;
				GCC_PREFIX_HEADER = "BrassSimulator/BrassSimulator-Prefix.pch";
				INFOPLIST_FILE = "BrassSimulator/BrassSimulator-Info.plist";
				PRODUCT_NAME = "$(TARGET_NAME)";
				WRAPPER_EXTENSION = app;
			};
			name = Release;
		};
/* End XCBuildConfiguration section */

/* Begin XCConfigurationList section */
		639AAACC165B8B7100B71732 /* Build configuration list for PBXProject "BrassSimulator" */ = {
			isa = XCConfigurationList;
			buildConfigurations = (
				639AAAF4165B8B7100B71732 /* Debug */,
				639AAAF5165B8B7100B71732 /* Release */,
			);
			defaultConfigurationIsVisible = 0;
			defaultConfigurationName = Release;
		};
		639AAAF6165B8B7100B71732 /* Build configuration list for PBXNativeTarget "BrassSimulator" */ = {
			isa = XCConfigurationList;
			buildConfigurations = (
				639AAAF7165B8B7100B71732 /* Debug */,
				639AAAF8165B8B7100B71732 /* Release */,
			);
			defaultConfigurationIsVisible = 0;
			defaultConfigurationName = Release;
		};
/* End XCConfigurationList section */
	};
	rootObject = 639AAAC9165B8B7100B71732 /* Project object */;
}
